
Microsoft Visual Studio Solution File, Format Version 12.00
# Visual Studio 2012
Project("{F184B08F-C81C-45F6-A57F-5ABD9991F28F}") = "Grid A Excel", "Grid A Excel\Grid A Excel.vbproj", "{C69069CC-28DD-44E7-912B-739710319200}"
EndProject
Global
	GlobalSection(SolutionConfigurationPlatforms) = preSolution
		Debug|Any CPU = Debug|Any CPU
		Release|Any CPU = Release|Any CPU
	EndGlobalSection
	GlobalSection(ProjectConfigurationPlatforms) = postSolution
		{C69069CC-28DD-44E7-912B-739710319200}.Debug|Any CPU.ActiveCfg = Debug|Any CPU
		{C69069CC-28DD-44E7-912B-739710319200}.Debug|Any CPU.Build.0 = Debug|Any CPU
		{C69069CC-28DD-44E7-912B-739710319200}.Release|Any CPU.ActiveCfg = Release|Any CPU
		{C69069CC-28DD-44E7-912B-739710319200}.Release|Any CPU.Build.0 = Release|Any CPU
	EndGlobalSection
	GlobalSection(SolutionProperties) = preSolution
		HideSolutionNode = FALSE
	EndGlobalSection
EndGlobal
